// !$*UTF8*$!
{
	archiveVersion = 1;
	classes = {
	};
	objectVersion = 56;
	objects = {

/* Begin PBXBuildFile section */
		5698582B2C2030ED00620623 /* SubscriptionsAezakmiApp.swift in Sources */ = {isa = PBXBuildFile; fileRef = 5698582A2C2030ED00620623 /* SubscriptionsAezakmiApp.swift */; };
		5698582D2C2030ED00620623 /* ContentView.swift in Sources */ = {isa = PBXBuildFile; fileRef = 5698582C2C2030ED00620623 /* ContentView.swift */; };
		5698582F2C2030EF00620623 /* Assets.xcassets in Resources */ = {isa = PBXBuildFile; fileRef = 5698582E2C2030EF00620623 /* Assets.xcassets */; };
		569858322C2030EF00620623 /* Preview Assets.xcassets in Resources */ = {isa = PBXBuildFile; fileRef = 569858312C2030EF00620623 /* Preview Assets.xcassets */; };
		569858392C20313D00620623 /* IAPManager.swift in Sources */ = {isa = PBXBuildFile; fileRef = 569858382C20313D00620623 /* IAPManager.swift */; };
		5698583B2C205D8000620623 /* ContentViewFileOld.swift in Sources */ = {isa = PBXBuildFile; fileRef = 5698583A2C205D8000620623 /* ContentViewFileOld.swift */; };
		5698583D2C206CC900620623 /* Store.swift in Sources */ = {isa = PBXBuildFile; fileRef = 5698583C2C206CC900620623 /* Store.swift */; };
		930868278755C1BD38BAFCD8 /* Pods_SubscriptionsAezakmi.framework in Frameworks */ = {isa = PBXBuildFile; fileRef = 417D3D2426F1CB14FA185013 /* Pods_SubscriptionsAezakmi.framework */; };
/* End PBXBuildFile section */

/* Begin PBXFileReference section */
		06FA1563BF218B4EFAC38EE2 /* Pods-SubscriptionsAezakmi.release.xcconfig */ = {isa = PBXFileReference; includeInIndex = 1; lastKnownFileType = text.xcconfig; name = "Pods-SubscriptionsAezakmi.release.xcconfig"; path = "Target Support Files/Pods-SubscriptionsAezakmi/Pods-SubscriptionsAezakmi.release.xcconfig"; sourceTree = "<group>"; };
		417D3D2426F1CB14FA185013 /* Pods_SubscriptionsAezakmi.framework */ = {isa = PBXFileReference; explicitFileType = wrapper.framework; includeInIndex = 0; path = Pods_SubscriptionsAezakmi.framework; sourceTree = BUILT_PRODUCTS_DIR; };
		569858272C2030ED00620623 /* SubscriptionsAezakmi.app */ = {isa = PBXFileReference; explicitFileType = wrapper.application; includeInIndex = 0; path = SubscriptionsAezakmi.app; sourceTree = BUILT_PRODUCTS_DIR; };
		5698582A2C2030ED00620623 /* SubscriptionsAezakmiApp.swift */ = {isa = PBXFileReference; lastKnownFileType = sourcecode.swift; path = SubscriptionsAezakmiApp.swift; sourceTree = "<group>"; };
		5698582C2C2030ED00620623 /* ContentView.swift */ = {isa = PBXFileReference; lastKnownFileType = sourcecode.swift; path = ContentView.swift; sourceTree = "<group>"; };
		5698582E2C2030EF00620623 /* Assets.xcassets */ = {isa = PBXFileReference; lastKnownFileType = folder.assetcatalog; path = Assets.xcassets; sourceTree = "<group>"; };
		569858312C2030EF00620623 /* Preview Assets.xcassets */ = {isa = PBXFileReference; lastKnownFileType = folder.assetcatalog; path = "Preview Assets.xcassets"; sourceTree = "<group>"; };
		569858382C20313D00620623 /* IAPManager.swift */ = {isa = PBXFileReference; lastKnownFileType = sourcecode.swift; path = IAPManager.swift; sourceTree = "<group>"; };
		5698583A2C205D8000620623 /* ContentViewFileOld.swift */ = {isa = PBXFileReference; lastKnownFileType = sourcecode.swift; path = ContentViewFileOld.swift; sourceTree = "<group>"; };
		5698583C2C206CC900620623 /* Store.swift */ = {isa = PBXFileReference; lastKnownFileType = sourcecode.swift; path = Store.swift; sourceTree = "<group>"; };
		697CF6D34C75E25595CD0D8B /* Pods-SubscriptionsAezakmi.debug.xcconfig */ = {isa = PBXFileReference; includeInIndex = 1; lastKnownFileType = text.xcconfig; name = "Pods-SubscriptionsAezakmi.debug.xcconfig"; path = "Target Support Files/Pods-SubscriptionsAezakmi/Pods-SubscriptionsAezakmi.debug.xcconfig"; sourceTree = "<group>"; };
/* End PBXFileReference section */

/* Begin PBXFrameworksBuildPhase section */
		569858242C2030ED00620623 /* Frameworks */ = {
			isa = PBXFrameworksBuildPhase;
			buildActionMask = 2147483647;
			files = (
				930868278755C1BD38BAFCD8 /* Pods_SubscriptionsAezakmi.framework in Frameworks */,
			);
			runOnlyForDeploymentPostprocessing = 0;
		};
/* End PBXFrameworksBuildPhase section */

/* Begin PBXGroup section */
		5698581E2C2030ED00620623 = {
			isa = PBXGroup;
			children = (
				569858292C2030ED00620623 /* SubscriptionsAezakmi */,
				569858282C2030ED00620623 /* Products */,
				971CC1A2FB368D61544A928D /* Pods */,
				9ED10F1CEE96A3AE2B5CC612 /* Frameworks */,
			);
			sourceTree = "<group>";
		};
		569858282C2030ED00620623 /* Products */ = {
			isa = PBXGroup;
			children = (
				569858272C2030ED00620623 /* SubscriptionsAezakmi.app */,
			);
			name = Products;
			sourceTree = "<group>";
		};
		569858292C2030ED00620623 /* SubscriptionsAezakmi */ = {
			isa = PBXGroup;
			children = (
				5698582A2C2030ED00620623 /* SubscriptionsAezakmiApp.swift */,
				5698582C2C2030ED00620623 /* ContentView.swift */,
				5698582E2C2030EF00620623 /* Assets.xcassets */,
				569858302C2030EF00620623 /* Preview Content */,
				569858382C20313D00620623 /* IAPManager.swift */,
				5698583A2C205D8000620623 /* ContentViewFileOld.swift */,
				5698583C2C206CC900620623 /* Store.swift */,
			);
			path = SubscriptionsAezakmi;
			sourceTree = "<group>";
		};
		569858302C2030EF00620623 /* Preview Content */ = {
			isa = PBXGroup;
			children = (
				569858312C2030EF00620623 /* Preview Assets.xcassets */,
			);
			path = "Preview Content";
			sourceTree = "<group>";
		};
		971CC1A2FB368D61544A928D /* Pods */ = {
			isa = PBXGroup;
			children = (
				697CF6D34C75E25595CD0D8B /* Pods-SubscriptionsAezakmi.debug.xcconfig */,
				06FA1563BF218B4EFAC38EE2 /* Pods-SubscriptionsAezakmi.release.xcconfig */,
			);
			path = Pods;
			sourceTree = "<group>";
		};
		9ED10F1CEE96A3AE2B5CC612 /* Frameworks */ = {
			isa = PBXGroup;
			children = (
				417D3D2426F1CB14FA185013 /* Pods_SubscriptionsAezakmi.framework */,
			);
			name = Frameworks;
			sourceTree = "<group>";
		};
/* End PBXGroup section */

/* Begin PBXNativeTarget section */
		569858262C2030ED00620623 /* SubscriptionsAezakmi */ = {
			isa = PBXNativeTarget;
			buildConfigurationList = 569858352C2030EF00620623 /* Build configuration list for PBXNativeTarget "SubscriptionsAezakmi" */;
			buildPhases = (
				A2ECABB25FD479030301AD14 /* [CP] Check Pods Manifest.lock */,
				569858232C2030ED00620623 /* Sources */,
				569858242C2030ED00620623 /* Frameworks */,
				569858252C2030ED00620623 /* Resources */,
			);
			buildRules = (
			);
			dependencies = (
			);
			name = SubscriptionsAezakmi;
			productName = SubscriptionsAezakmi;
			productReference = 569858272C2030ED00620623 /* SubscriptionsAezakmi.app */;
			productType = "com.apple.product-type.application";
		};
/* End PBXNativeTarget section */

/* Begin PBXProject section */
		5698581F2C2030ED00620623 /* Project object */ = {
			isa = PBXProject;
			attributes = {
				BuildIndependentTargetsInParallel = 1;
				LastSwiftUpdateCheck = 1530;
				LastUpgradeCheck = 1530;
				TargetAttributes = {
					569858262C2030ED00620623 = {
						CreatedOnToolsVersion = 15.3;
					};
				};
			};
			buildConfigurationList = 569858222C2030ED00620623 /* Build configuration list for PBXProject "SubscriptionsAezakmi" */;
			compatibilityVersion = "Xcode 14.0";
			developmentRegion = en;
			hasScannedForEncodings = 0;
			knownRegions = (
				en,
				Base,
			);
			mainGroup = 5698581E2C2030ED00620623;
			productRefGroup = 569858282C2030ED00620623 /* Products */;
			projectDirPath = "";
			projectRoot = "";
			targets = (
				569858262C2030ED00620623 /* SubscriptionsAezakmi */,
			);
		};
/* End PBXProject section */

/* Begin PBXResourcesBuildPhase section */
		569858252C2030ED00620623 /* Resources */ = {
			isa = PBXResourcesBuildPhase;
			buildActionMask = 2147483647;
			files = (
				569858322C2030EF00620623 /* Preview Assets.xcassets in Resources */,
				5698582F2C2030EF00620623 /* Assets.xcassets in Resources */,
			);
			runOnlyForDeploymentPostprocessing = 0;
		};
/* End PBXResourcesBuildPhase section */

/* Begin PBXShellScriptBuildPhase section */
		A2ECABB25FD479030301AD14 /* [CP] Check Pods Manifest.lock */ = {
			isa = PBXShellScriptBuildPhase;
			buildActionMask = 2147483647;
			files = (
			);
			inputFileListPaths = (
			);
			inputPaths = (
				"${PODS_PODFILE_DIR_PATH}/Podfile.lock",
				"${PODS_ROOT}/Manifest.lock",
			);
			name = "[CP] Check Pods Manifest.lock";
			outputFileListPaths = (
			);
			outputPaths = (
				"$(DERIVED_FILE_DIR)/Pods-SubscriptionsAezakmi-checkManifestLockResult.txt",
			);
			runOnlyForDeploymentPostprocessing = 0;
			shellPath = /bin/sh;
			shellScript = "diff \"${PODS_PODFILE_DIR_PATH}/Podfile.lock\" \"${PODS_ROOT}/Manifest.lock\" > /dev/null\nif [ $? != 0 ] ; then\n    # print error to STDERR\n    echo \"error: The sandbox is not in sync with the Podfile.lock. Run 'pod install' or update your CocoaPods installation.\" >&2\n    exit 1\nfi\n# This output is used by Xcode 'outputs' to avoid re-running this script phase.\necho \"SUCCESS\" > \"${SCRIPT_OUTPUT_FILE_0}\"\n";
			showEnvVarsInLog = 0;
		};
/* End PBXShellScriptBuildPhase section */

/* Begin PBXSourcesBuildPhase section */
		569858232C2030ED00620623 /* Sources */ = {
			isa = PBXSourcesBuildPhase;
			buildActionMask = 2147483647;
			files = (
				5698583D2C206CC900620623 /* Store.swift in Sources */,
				5698583B2C205D8000620623 /* ContentViewFileOld.swift in Sources */,
				569858392C20313D00620623 /* IAPManager.swift in Sources */,
				5698582D2C2030ED00620623 /* ContentView.swift in Sources */,
				5698582B2C2030ED00620623 /* SubscriptionsAezakmiApp.swift in Sources */,
			);
			runOnlyForDeploymentPostprocessing = 0;
		};
/* End PBXSourcesBuildPhase section */

/* Begin XCBuildConfiguration section */
		569858332C2030EF00620623 /* Debug */ = {
			isa = XCBuildConfiguration;
			buildSettings = {
				ALWAYS_SEARCH_USER_PATHS = NO;
				ASSETCATALOG_COMPILER_GENERATE_SWIFT_ASSET_SYMBOL_EXTENSIONS = YES;
				CLANG_ANALYZER_NONNULL = YES;
				CLANG_ANALYZER_NUMBER_OBJECT_CONVERSION = YES_AGGRESSIVE;
				CLANG_CXX_LANGUAGE_STANDARD = "gnu++20";
				CLANG_ENABLE_MODULES = YES;
				CLANG_ENABLE_OBJC_ARC = YES;
				CLANG_ENABLE_OBJC_WEAK = YES;
				CLANG_WARN_BLOCK_CAPTURE_AUTORELEASING = YES;
				CLANG_WARN_BOOL_CONVERSION = YES;
				CLANG_WARN_COMMA = YES;
				CLANG_WARN_CONSTANT_CONVERSION = YES;
				CLANG_WARN_DEPRECATED_OBJC_IMPLEMENTATIONS = YES;
				CLANG_WARN_DIRECT_OBJC_ISA_USAGE = YES_ERROR;
				CLANG_WARN_DOCUMENTATION_COMMENTS = YES;
				CLANG_WARN_EMPTY_BODY = YES;
				CLANG_WARN_ENUM_CONVERSION = YES;
				CLANG_WARN_INFINITE_RECURSION = YES;
				CLANG_WARN_INT_CONVERSION = YES;
				CLANG_WARN_NON_LITERAL_NULL_CONVERSION = YES;
				CLANG_WARN_OBJC_IMPLICIT_RETAIN_SELF = YES;
				CLANG_WARN_OBJC_LITERAL_CONVERSION = YES;
				CLANG_WARN_OBJC_ROOT_CLASS = YES_ERROR;
				CLANG_WARN_QUOTED_INCLUDE_IN_FRAMEWORK_HEADER = YES;
				CLANG_WARN_RANGE_LOOP_ANALYSIS = YES;
				CLANG_WARN_STRICT_PROTOTYPES = YES;
				CLANG_WARN_SUSPICIOUS_MOVE = YES;
				CLANG_WARN_UNGUARDED_AVAILABILITY = YES_AGGRESSIVE;
				CLANG_WARN_UNREACHABLE_CODE = YES;
				CLANG_WARN__DUPLICATE_METHOD_MATCH = YES;
				COPY_PHASE_STRIP = NO;
				DEBUG_INFORMATION_FORMAT = dwarf;
				ENABLE_STRICT_OBJC_MSGSEND = YES;
				ENABLE_TESTABILITY = YES;
				ENABLE_USER_SCRIPT_SANDBOXING = YES;
				GCC_C_LANGUAGE_STANDARD = gnu17;
				GCC_DYNAMIC_NO_PIC = NO;
				GCC_NO_COMMON_BLOCKS = YES;
				GCC_OPTIMIZATION_LEVEL = 0;
				GCC_PREPROCESSOR_DEFINITIONS = (
					"DEBUG=1",
					"$(inherited)",
				);
				GCC_WARN_64_TO_32_BIT_CONVERSION = YES;
				GCC_WARN_ABOUT_RETURN_TYPE = YES_ERROR;
				GCC_WARN_UNDECLARED_SELECTOR = YES;
				GCC_WARN_UNINITIALIZED_AUTOS = YES_AGGRESSIVE;
				GCC_WARN_UNUSED_FUNCTION = YES;
				GCC_WARN_UNUSED_VARIABLE = YES;
				IPHONEOS_DEPLOYMENT_TARGET = 17.4;
				LOCALIZATION_PREFERS_STRING_CATALOGS = YES;
				MTL_ENABLE_DEBUG_INFO = INCLUDE_SOURCE;
				MTL_FAST_MATH = YES;
				ONLY_ACTIVE_ARCH = YES;
				SDKROOT = iphoneos;
				SWIFT_ACTIVE_COMPILATION_CONDITIONS = "DEBUG $(inherited)";
				SWIFT_OPTIMIZATION_LEVEL = "-Onone";
			};
			name = Debug;
		};
		569858342C2030EF00620623 /* Release */ = {
			isa = XCBuildConfiguration;
			buildSettings = {
				ALWAYS_SEARCH_USER_PATHS = NO;
				ASSETCATALOG_COMPILER_GENERATE_SWIFT_ASSET_SYMBOL_EXTENSIONS = YES;
				CLANG_ANALYZER_NONNULL = YES;
				CLANG_ANALYZER_NUMBER_OBJECT_CONVERSION = YES_AGGRESSIVE;
				CLANG_CXX_LANGUAGE_STANDARD = "gnu++20";
				CLANG_ENABLE_MODULES = YES;
				CLANG_ENABLE_OBJC_ARC = YES;
				CLANG_ENABLE_OBJC_WEAK = YES;
				CLANG_WARN_BLOCK_CAPTURE_AUTORELEASING = YES;
				CLANG_WARN_BOOL_CONVERSION = YES;
				CLANG_WARN_COMMA = YES;
				CLANG_WARN_CONSTANT_CONVERSION = YES;
				CLANG_WARN_DEPRECATED_OBJC_IMPLEMENTATIONS = YES;
				CLANG_WARN_DIRECT_OBJC_ISA_USAGE = YES_ERROR;
				CLANG_WARN_DOCUMENTATION_COMMENTS = YES;
				CLANG_WARN_EMPTY_BODY = YES;
				CLANG_WARN_ENUM_CONVERSION = YES;
				CLANG_WARN_INFINITE_RECURSION = YES;
				CLANG_WARN_INT_CONVERSION = YES;
				CLANG_WARN_NON_LITERAL_NULL_CONVERSION = YES;
				CLANG_WARN_OBJC_IMPLICIT_RETAIN_SELF = YES;
				CLANG_WARN_OBJC_LITERAL_CONVERSION = YES;
				CLANG_WARN_OBJC_ROOT_CLASS = YES_ERROR;
				CLANG_WARN_QUOTED_INCLUDE_IN_FRAMEWORK_HEADER = YES;
				CLANG_WARN_RANGE_LOOP_ANALYSIS = YES;
				CLANG_WARN_STRICT_PROTOTYPES = YES;
				CLANG_WARN_SUSPICIOUS_MOVE = YES;
				CLANG_WARN_UNGUARDED_AVAILABILITY = YES_AGGRESSIVE;
				CLANG_WARN_UNREACHABLE_CODE = YES;
				CLANG_WARN__DUPLICATE_METHOD_MATCH = YES;
				COPY_PHASE_STRIP = NO;
				DEBUG_INFORMATION_FORMAT = "dwarf-with-dsym";
				ENABLE_NS_ASSERTIONS = NO;
				ENABLE_STRICT_OBJC_MSGSEND = YES;
				ENABLE_USER_SCRIPT_SANDBOXING = YES;
				GCC_C_LANGUAGE_STANDARD = gnu17;
				GCC_NO_COMMON_BLOCKS = YES;
				GCC_WARN_64_TO_32_BIT_CONVERSION = YES;
				GCC_WARN_ABOUT_RETURN_TYPE = YES_ERROR;
				GCC_WARN_UNDECLARED_SELECTOR = YES;
				GCC_WARN_UNINITIALIZED_AUTOS = YES_AGGRESSIVE;
				GCC_WARN_UNUSED_FUNCTION = YES;
				GCC_WARN_UNUSED_VARIABLE = YES;
				IPHONEOS_DEPLOYMENT_TARGET = 17.4;
				LOCALIZATION_PREFERS_STRING_CATALOGS = YES;
				MTL_ENABLE_DEBUG_INFO = NO;
				MTL_FAST_MATH = YES;
				SDKROOT = iphoneos;
				SWIFT_COMPILATION_MODE = wholemodule;
				VALIDATE_PRODUCT = YES;
			};
			name = Release;
		};
		569858362C2030EF00620623 /* Debug */ = {
			isa = XCBuildConfiguration;
			baseConfigurationReference = 697CF6D34C75E25595CD0D8B /* Pods-SubscriptionsAezakmi.debug.xcconfig */;
			buildSettings = {
				ASSETCATALOG_COMPILER_APPICON_NAME = AppIcon;
				ASSETCATALOG_COMPILER_GLOBAL_ACCENT_COLOR_NAME = AccentColor;
				CODE_SIGN_STYLE = Automatic;
				CURRENT_PROJECT_VERSION = 1;
				DEVELOPMENT_ASSET_PATHS = "\"SubscriptionsAezakmi/Preview Content\"";
				DEVELOPMENT_TEAM = D3C4YVDR4G;
				ENABLE_PREVIEWS = YES;
				GENERATE_INFOPLIST_FILE = YES;
				INFOPLIST_KEY_UIApplicationSceneManifest_Generation = YES;
				INFOPLIST_KEY_UIApplicationSupportsIndirectInputEvents = YES;
				INFOPLIST_KEY_UILaunchScreen_Generation = YES;
				INFOPLIST_KEY_UISupportedInterfaceOrientations_iPad = "UIInterfaceOrientationPortrait UIInterfaceOrientationPortraitUpsideDown UIInterfaceOrientationLandscapeLeft UIInterfaceOrientationLandscapeRight";
				INFOPLIST_KEY_UISupportedInterfaceOrientations_iPhone = "UIInterfaceOrientationPortrait UIInterfaceOrientationLandscapeLeft UIInterfaceOrientationLandscapeRight";
				IPHONEOS_DEPLOYMENT_TARGET = 15.0;
				LD_RUNPATH_SEARCH_PATHS = (
					"$(inherited)",
					"@executable_path/Frameworks",
				);
				MARKETING_VERSION = 1.0;
				PRODUCT_BUNDLE_IDENTIFIER = com.magzhanzhumaly.SubscriptionsAezakmi;
				PRODUCT_NAME = "$(TARGET_NAME)";
				SWIFT_EMIT_LOC_STRINGS = YES;
				SWIFT_VERSION = 5.0;
				TARGETED_DEVICE_FAMILY = "1,2";
			};
			name = Debug;
		};
		569858372C2030EF00620623 /* Release */ = {
			isa = XCBuildConfiguration;
			baseConfigurationReference = 06FA1563BF218B4EFAC38EE2 /* Pods-SubscriptionsAezakmi.release.xcconfig */;
			buildSettings = {
				ASSETCATALOG_COMPILER_APPICON_NAME = AppIcon;
				ASSETCATALOG_COMPILER_GLOBAL_ACCENT_COLOR_NAME = AccentColor;
				CODE_SIGN_STYLE = Automatic;
				CURRENT_PROJECT_VERSION = 1;
				DEVELOPMENT_ASSET_PATHS = "\"SubscriptionsAezakmi/Preview Content\"";
				DEVELOPMENT_TEAM = D3C4YVDR4G;
				ENABLE_PREVIEWS = YES;
				GENERATE_INFOPLIST_FILE = YES;
				INFOPLIST_KEY_UIApplicationSceneManifest_Generation = YES;
				INFOPLIST_KEY_UIApplicationSupportsIndirectInputEvents = YES;
				INFOPLIST_KEY_UILaunchScreen_Generation = YES;
				INFOPLIST_KEY_UISupportedInterfaceOrientations_iPad = "UIInterfaceOrientationPortrait UIInterfaceOrientationPortraitUpsideDown UIInterfaceOrientationLandscapeLeft UIInterfaceOrientationLandscapeRight";
				INFOPLIST_KEY_UISupportedInterfaceOrientations_iPhone = "UIInterfaceOrientationPortrait UIInterfaceOrientationLandscapeLeft UIInterfaceOrientationLandscapeRight";
				IPHONEOS_DEPLOYMENT_TARGET = 15.0;
				LD_RUNPATH_SEARCH_PATHS = (
					"$(inherited)",
					"@executable_path/Frameworks",
				);
				MARKETING_VERSION = 1.0;
				PRODUCT_BUNDLE_IDENTIFIER = com.magzhanzhumaly.SubscriptionsAezakmi;
				PRODUCT_NAME = "$(TARGET_NAME)";
				SWIFT_EMIT_LOC_STRINGS = YES;
				SWIFT_VERSION = 5.0;
				TARGETED_DEVICE_FAMILY = "1,2";
			};
			name = Release;
		};
/* End XCBuildConfiguration section */

/* Begin XCConfigurationList section */
		569858222C2030ED00620623 /* Build configuration list for PBXProject "SubscriptionsAezakmi" */ = {
			isa = XCConfigurationList;
			buildConfigurations = (
				569858332C2030EF00620623 /* Debug */,
				569858342C2030EF00620623 /* Release */,
			);
			defaultConfigurationIsVisible = 0;
			defaultConfigurationName = Release;
		};
		569858352C2030EF00620623 /* Build configuration list for PBXNativeTarget "SubscriptionsAezakmi" */ = {
			isa = XCConfigurationList;
			buildConfigurations = (
				569858362C2030EF00620623 /* Debug */,
				569858372C2030EF00620623 /* Release */,
			);
			defaultConfigurationIsVisible = 0;
			defaultConfigurationName = Release;
		};
/* End XCConfigurationList section */
	};
	rootObject = 5698581F2C2030ED00620623 /* Project object */;
}
